version = 1
revision = 3
requires-python = "==3.13.9"

[[package]]
name = "bench"
version = "0.0.0"
source = { editable = "." }
dependencies = [
    { name = "neo4j" },
]

[package.metadata]
requires-dist = [{ name = "neo4j", directory = "../" }]

[[package]]
name = "neo4j"
source = { directory = "../" }
dependencies = [
    { name = "pytz" },
]

[package.metadata]
requires-dist = [
    { name = "numpy", marker = "extra == 'numpy'", specifier = ">=1.21.2,<3.0.0" },
    { name = "numpy", marker = "extra == 'pandas'", specifier = ">=1.21.2,<3.0.0" },
    { name = "pandas", marker = "extra == 'pandas'", specifier = ">=1.1.0,<3.0.0" },
    { name = "pyarrow", marker = "extra == 'pyarrow'", specifier = ">=6.0.0,<23.0.0" },
    { name = "pytz" },
]
provides-extras = ["numpy", "pandas", "pyarrow"]

[package.metadata.requires-dev]
benchkit = [{ name = "sanic", specifier = ">=25.3.0" }]
dep-freezegun = [{ name = "freezegun", specifier = ">=1.5.5" }]
dep-project-dependencies = [
    { name = "numpy", specifier = ">=1.7.0,<3.0.0" },
    { name = "pandas", specifier = ">=1.1.0,<3.0.0" },
    { name = "pyarrow", specifier = ">=6.0.0,<23.0.0" },
    { name = "pytz" },
]
dep-typing-extensions = [{ name = "typing-extensions", specifier = ">=4.15.0" }]
dev = [
    { name = "build", specifier = ">=1.3.0" },
    { name = "coverage", extras = ["toml"], specifier = ">=7.10.7" },
    { name = "freezegun", specifier = ">=1.5.5" },
    { name = "isort", specifier = ">=6.0.1" },
    { name = "mock", specifier = ">=5.2.0" },
    { name = "mypy", specifier = ">=1.18.2" },
    { name = "numpy", specifier = ">=1.7.0,<3.0.0" },
    { name = "pandas", specifier = ">=1.1.0,<3.0.0" },
    { name = "pre-commit", specifier = ">=4.3.0" },
    { name = "pyarrow", specifier = ">=6.0.0,<23.0.0" },
    { name = "pytest", specifier = ">=8.4.2" },
    { name = "pytest-asyncio", specifier = ">=1.2.0" },
    { name = "pytest-benchmark", specifier = ">=5.1.0" },
    { name = "pytest-cov", specifier = ">=7.0.0" },
    { name = "pytest-mock", specifier = ">=3.15.1" },
    { name = "pytz" },
    { name = "sanic", specifier = ">=25.3.0" },
    { name = "sphinx", specifier = ">=8.2.3" },
    { name = "tox", specifier = ">=4.30.2" },
    { name = "twine", specifier = ">=6.2.0" },
    { name = "types-pytz", specifier = ">=2025.2.0.20250809" },
    { name = "typing-extensions", specifier = ">=4.15.0" },
    { name = "unasync", specifier = "==0.5.0" },
]
docs = [
    { name = "numpy", specifier = ">=1.7.0,<3.0.0" },
    { name = "pandas", specifier = ">=1.1.0,<3.0.0" },
    { name = "pyarrow", specifier = ">=6.0.0,<23.0.0" },
    { name = "pytz" },
    { name = "sphinx", specifier = ">=8.2.3" },
    { name = "typing-extensions", specifier = ">=4.15.0" },
]
packaging = [{ name = "build", specifier = ">=1.3.0" }]
precommit = [
    { name = "coverage", extras = ["toml"], specifier = ">=7.10.7" },
    { name = "freezegun", specifier = ">=1.5.5" },
    { name = "isort", specifier = ">=6.0.1" },
    { name = "mock", specifier = ">=5.2.0" },
    { name = "mypy", specifier = ">=1.18.2" },
    { name = "numpy", specifier = ">=1.7.0,<3.0.0" },
    { name = "pandas", specifier = ">=1.1.0,<3.0.0" },
    { name = "pre-commit", specifier = ">=4.3.0" },
    { name = "pyarrow", specifier = ">=6.0.0,<23.0.0" },
    { name = "pytest", specifier = ">=8.4.2" },
    { name = "pytest-asyncio", specifier = ">=1.2.0" },
    { name = "pytest-benchmark", specifier = ">=5.1.0" },
    { name = "pytest-cov", specifier = ">=7.0.0" },
    { name = "pytest-mock", specifier = ">=3.15.1" },
    { name = "pytz" },
    { name = "sanic", specifier = ">=25.3.0" },
    { name = "types-pytz", specifier = ">=2025.2.0.20250809" },
    { name = "typing-extensions", specifier = ">=4.15.0" },
    { name = "unasync", specifier = "==0.5.0" },
]
release = [{ name = "twine", specifier = ">=6.2.0" }]
test = [
    { name = "coverage", extras = ["toml"], specifier = ">=7.10.7" },
    { name = "freezegun", specifier = ">=1.5.5" },
    { name = "mock", specifier = ">=5.2.0" },
    { name = "pytest", specifier = ">=8.4.2" },
    { name = "pytest-asyncio", specifier = ">=1.2.0" },
    { name = "pytest-benchmark", specifier = ">=5.1.0" },
    { name = "pytest-cov", specifier = ">=7.0.0" },
    { name = "pytest-mock", specifier = ">=3.15.1" },
]
testkit = [{ name = "freezegun", specifier = ">=1.5.5" }]
tox = [{ name = "tox", specifier = ">=4.30.2" }]
typing = [
    { name = "coverage", extras = ["toml"], specifier = ">=7.10.7" },
    { name = "freezegun", specifier = ">=1.5.5" },
    { name = "mock", specifier = ">=5.2.0" },
    { name = "mypy", specifier = ">=1.18.2" },
    { name = "numpy", specifier = ">=1.7.0,<3.0.0" },
    { name = "pandas", specifier = ">=1.1.0,<3.0.0" },
    { name = "pyarrow", specifier = ">=6.0.0,<23.0.0" },
    { name = "pytest", specifier = ">=8.4.2" },
    { name = "pytest-asyncio", specifier = ">=1.2.0" },
    { name = "pytest-benchmark", specifier = ">=5.1.0" },
    { name = "pytest-cov", specifier = ">=7.0.0" },
    { name = "pytest-mock", specifier = ">=3.15.1" },
    { name = "pytz" },
    { name = "sanic", specifier = ">=25.3.0" },
    { name = "types-pytz", specifier = ">=2025.2.0.20250809" },
    { name = "typing-extensions", specifier = ">=4.15.0" },
]
unasync = [
    { name = "isort", specifier = ">=6.0.1" },
    { name = "unasync", specifier = "==0.5.0" },
]

[[package]]
name = "pytz"
version = "2025.2"
source = { registry = "https://pypi.org/simple" }
sdist = { url = "https://files.pythonhosted.org/packages/f8/bf/abbd3cdfb8fbc7fb3d4d38d320f2441b1e7cbe29be4f23797b4a2b5d8aac/pytz-2025.2.tar.gz", hash = "sha256:360b9e3dbb49a209c21ad61809c7fb453643e048b38924c765813546746e81c3", size = 320884, upload-time = "2025-03-25T02:25:00.538Z" }
wheels = [
    { url = "https://files.pythonhosted.org/packages/81/c4/34e93fe5f5429d7570ec1fa436f1986fb1f00c3e0f43a589fe2bbcd22c3f/pytz-2025.2-py2.py3-none-any.whl", hash = "sha256:5ddf76296dd8c44c26eb8f4b6f35488f3ccbf6fbbd7adee0b7262d43f0ec2f00", size = 509225, upload-time = "2025-03-25T02:24:58.468Z" },
]
